
Microsoft Visual Studio Solution File, Format Version 12.00
# Visual Studio Version 16
VisualStudioVersion = 16.0.31729.503
MinimumVisualStudioVersion = 10.0.40219.1
Project("{FAE04EC0-301F-11D3-BF4B-00C04F79EFBC}") = "EFTest", "EFTest\EFTest.csproj", "{D7A46818-EB74-494A-9D9B-72F9AE8AA226}"
EndProject
Global
	GlobalSection(SolutionConfigurationPlatforms) = preSolution
		Debug|Any CPU = Debug|Any CPU
		Release|Any CPU = Release|Any CPU
	EndGlobalSection
	GlobalSection(ProjectConfigurationPlatforms) = postSolution
		{D7A46818-EB74-494A-9D9B-72F9AE8AA226}.Debug|Any CPU.ActiveCfg = Debug|Any CPU
		{D7A46818-EB74-494A-9D9B-72F9AE8AA226}.Debug|Any CPU.Build.0 = Debug|Any CPU
		{D7A46818-EB74-494A-9D9B-72F9AE8AA226}.Release|Any CPU.ActiveCfg = Release|Any CPU
		{D7A46818-EB74-494A-9D9B-72F9AE8AA226}.Release|Any CPU.Build.0 = Release|Any CPU
	EndGlobalSection
	GlobalSection(SolutionProperties) = preSolution
		HideSolutionNode = FALSE
	EndGlobalSection
	GlobalSection(ExtensibilityGlobals) = postSolution
		SolutionGuid = {B46265AC-81F9-4D4D-A14C-0001DB9FBAF0}
	EndGlobalSection
EndGlobal
